
Microsoft Visual Studio Solution File, Format Version 12.00
# Visual Studio Version 16
VisualStudioVersion = 16.0.32602.291
MinimumVisualStudioVersion = 10.0.40219.1
Project("{FAE04EC0-301F-11D3-BF4B-00C04F79EFBC}") = "BASWebApp", "BASWebApp.csproj", "{13461C9C-79D8-475D-A35D-BD49607AC0CC}"
EndProject
Global
	GlobalSection(SolutionConfigurationPlatforms) = preSolution
		Debug|Any CPU = Debug|Any CPU
		Release|Any CPU = Release|Any CPU
	EndGlobalSection
	GlobalSection(ProjectConfigurationPlatforms) = postSolution
		{13461C9C-79D8-475D-A35D-BD49607AC0CC}.Debug|Any CPU.ActiveCfg = Debug|Any CPU
		{13461C9C-79D8-475D-A35D-BD49607AC0CC}.Debug|Any CPU.Build.0 = Debug|Any CPU
		{13461C9C-79D8-475D-A35D-BD49607AC0CC}.Release|Any CPU.ActiveCfg = Release|Any CPU
		{13461C9C-79D8-475D-A35D-BD49607AC0CC}.Release|Any CPU.Build.0 = Release|Any CPU
	EndGlobalSection
	GlobalSection(SolutionProperties) = preSolution
		HideSolutionNode = FALSE
	EndGlobalSection
	GlobalSection(ExtensibilityGlobals) = postSolution
		SolutionGuid = {5ECC4EA3-9AD8-4B2A-8A80-041CFF877B0F}
	EndGlobalSection
EndGlobal
